PODS:
  - Alamofire (4.9.1)
  - RxSwift (5.1.1)
  - YLRxAlamofire (0.1.0):
    - Alamofire (~> 4.9.1)
    - RxSwift (~> 5.1.1)

DEPENDENCIES:
  - YLRxAlamofire (from `../`)

SPEC REPOS:
  trunk:
    - Alamofire
    - RxSwift

EXTERNAL SOURCES:
  YLRxAlamofire:
    :path: "../"

SPEC CHECKSUMS:
  Alamofire: 85e8a02c69d6020a0d734f6054870d7ecb75cf18
  RxSwift: 81470a2074fa8780320ea5fe4102807cb7118178
  YLRxAlamofire: 81dad34a5c757f1fd88a27419a903f084554a7cd

PODFILE CHECKSUM: 5c546d4093cd632e505df8821f362fa32e7d3948

COCOAPODS: 1.10.0
